// !$*UTF8*$!
{
	archiveVersion = 1;
	classes = {
	};
	objectVersion = 50;
	objects = {

/* Begin PBXBuildFile section */
		732B2C7C234B6579000C0054 /* AppDelegate.swift in Sources */ = {isa = PBXBuildFile; fileRef = 732B2C7B234B6579000C0054 /* AppDelegate.swift */; };
		732B2C7E234B6579000C0054 /* SceneDelegate.swift in Sources */ = {isa = PBXBuildFile; fileRef = 732B2C7D234B6579000C0054 /* SceneDelegate.swift */; };
		732B2C83234B6579000C0054 /* ContentView.swift in Sources */ = {isa = PBXBuildFile; fileRef = 732B2C82234B6579000C0054 /* ContentView.swift */; };
		732B2C85234B657C000C0054 /* Assets.xcassets in Resources */ = {isa = PBXBuildFile; fileRef = 732B2C84234B657C000C0054 /* Assets.xcassets */; };
		732B2C88234B657C000C0054 /* Preview Assets.xcassets in Resources */ = {isa = PBXBuildFile; fileRef = 732B2C87234B657C000C0054 /* Preview Assets.xcassets */; };
		732B2C8B234B657C000C0054 /* LaunchScreen.storyboard in Resources */ = {isa = PBXBuildFile; fileRef = 732B2C89234B657C000C0054 /* LaunchScreen.storyboard */; };
		732B2C93234B68D1000C0054 /* LocalNotificationManager.swift in Sources */ = {isa = PBXBuildFile; fileRef = 732B2C92234B68D1000C0054 /* LocalNotificationManager.swift */; };
		732B2C9523507067000C0054 /* SearchBar.swift in Sources */ = {isa = PBXBuildFile; fileRef = 732B2C9423507067000C0054 /* SearchBar.swift */; };
		732B2C97235073E8000C0054 /* SearchBarCancel.swift in Sources */ = {isa = PBXBuildFile; fileRef = 732B2C96235073E8000C0054 /* SearchBarCancel.swift */; };
		732B2C9923509A50000C0054 /* jisho_response.json in Resources */ = {isa = PBXBuildFile; fileRef = 732B2C9823509A50000C0054 /* jisho_response.json */; };
		732B2C9B23509C3B000C0054 /* DefinitionList.swift in Sources */ = {isa = PBXBuildFile; fileRef = 732B2C9A23509C3B000C0054 /* DefinitionList.swift */; };
		732B2C9E23514A97000C0054 /* RawJishoResponse.swift in Sources */ = {isa = PBXBuildFile; fileRef = 732B2C9D23514A97000C0054 /* RawJishoResponse.swift */; };
		732B2CA023518F89000C0054 /* Entry.swift in Sources */ = {isa = PBXBuildFile; fileRef = 732B2C9F23518F89000C0054 /* Entry.swift */; };
		734F570D235C49EE0082C715 /* 87x87.png in Resources */ = {isa = PBXBuildFile; fileRef = 734F5703235C49EE0082C715 /* 87x87.png */; };
		734F570E235C49EE0082C715 /* 180x180.png in Resources */ = {isa = PBXBuildFile; fileRef = 734F5704235C49EE0082C715 /* 180x180.png */; };
		734F570F235C49EE0082C715 /* 40x40.png in Resources */ = {isa = PBXBuildFile; fileRef = 734F5705235C49EE0082C715 /* 40x40.png */; };
		734F5710235C49EE0082C715 /* 152x152.png in Resources */ = {isa = PBXBuildFile; fileRef = 734F5706235C49EE0082C715 /* 152x152.png */; };
		734F5711235C49EE0082C715 /* 120x120.png in Resources */ = {isa = PBXBuildFile; fileRef = 734F5707235C49EE0082C715 /* 120x120.png */; };
		734F5712235C49EE0082C715 /* 167x167.png in Resources */ = {isa = PBXBuildFile; fileRef = 734F5708235C49EE0082C715 /* 167x167.png */; };
		734F5713235C49EE0082C715 /* 60x60.png in Resources */ = {isa = PBXBuildFile; fileRef = 734F5709235C49EE0082C715 /* 60x60.png */; };
		734F5714235C49EE0082C715 /* 58x58.png in Resources */ = {isa = PBXBuildFile; fileRef = 734F570A235C49EE0082C715 /* 58x58.png */; };
		734F5715235C49EE0082C715 /* 76x76.png in Resources */ = {isa = PBXBuildFile; fileRef = 734F570B235C49EE0082C715 /* 76x76.png */; };
		734F5716235C49EE0082C715 /* 80x80.png in Resources */ = {isa = PBXBuildFile; fileRef = 734F570C235C49EE0082C715 /* 80x80.png */; };
		734F5719235C4B400082C715 /* 20x20.png in Resources */ = {isa = PBXBuildFile; fileRef = 734F5717235C4B3F0082C715 /* 20x20.png */; };
		734F571A235C4B400082C715 /* 29x29.png in Resources */ = {isa = PBXBuildFile; fileRef = 734F5718235C4B3F0082C715 /* 29x29.png */; };
		734F571C235C4CDA0082C715 /* 1024x1024.png in Resources */ = {isa = PBXBuildFile; fileRef = 734F571B235C4CDA0082C715 /* 1024x1024.png */; };
		73BC91882355EF3700D300C9 /* NSManagedObjectContext.swift in Sources */ = {isa = PBXBuildFile; fileRef = 73BC91872355EF3700D300C9 /* NSManagedObjectContext.swift */; };
		73EC397523572A90002CA378 /* NotificationDemo.xcdatamodeld in Sources */ = {isa = PBXBuildFile; fileRef = 73EC397323572A90002CA378 /* NotificationDemo.xcdatamodeld */; };
/* End PBXBuildFile section */

/* Begin PBXFileReference section */
		732B2C78234B6579000C0054 /* Shirabe.app */ = {isa = PBXFileReference; explicitFileType = wrapper.application; includeInIndex = 0; path = Shirabe.app; sourceTree = BUILT_PRODUCTS_DIR; };
		732B2C7B234B6579000C0054 /* AppDelegate.swift */ = {isa = PBXFileReference; lastKnownFileType = sourcecode.swift; path = AppDelegate.swift; sourceTree = "<group>"; };
		732B2C7D234B6579000C0054 /* SceneDelegate.swift */ = {isa = PBXFileReference; lastKnownFileType = sourcecode.swift; path = SceneDelegate.swift; sourceTree = "<group>"; };
		732B2C82234B6579000C0054 /* ContentView.swift */ = {isa = PBXFileReference; lastKnownFileType = sourcecode.swift; path = ContentView.swift; sourceTree = "<group>"; };
		732B2C84234B657C000C0054 /* Assets.xcassets */ = {isa = PBXFileReference; lastKnownFileType = folder.assetcatalog; path = Assets.xcassets; sourceTree = "<group>"; };
		732B2C87234B657C000C0054 /* Preview Assets.xcassets */ = {isa = PBXFileReference; lastKnownFileType = folder.assetcatalog; path = "Preview Assets.xcassets"; sourceTree = "<group>"; };
		732B2C8A234B657C000C0054 /* Base */ = {isa = PBXFileReference; lastKnownFileType = file.storyboard; name = Base; path = Base.lproj/LaunchScreen.storyboard; sourceTree = "<group>"; };
		732B2C8C234B657C000C0054 /* Info.plist */ = {isa = PBXFileReference; lastKnownFileType = text.plist.xml; path = Info.plist; sourceTree = "<group>"; };
		732B2C92234B68D1000C0054 /* LocalNotificationManager.swift */ = {isa = PBXFileReference; lastKnownFileType = sourcecode.swift; path = LocalNotificationManager.swift; sourceTree = "<group>"; };
		732B2C9423507067000C0054 /* SearchBar.swift */ = {isa = PBXFileReference; lastKnownFileType = sourcecode.swift; path = SearchBar.swift; sourceTree = "<group>"; };
		732B2C96235073E8000C0054 /* SearchBarCancel.swift */ = {isa = PBXFileReference; lastKnownFileType = sourcecode.swift; path = SearchBarCancel.swift; sourceTree = "<group>"; };
		732B2C9823509A50000C0054 /* jisho_response.json */ = {isa = PBXFileReference; lastKnownFileType = text.json; path = jisho_response.json; sourceTree = "<group>"; };
		732B2C9A23509C3B000C0054 /* DefinitionList.swift */ = {isa = PBXFileReference; lastKnownFileType = sourcecode.swift; path = DefinitionList.swift; sourceTree = "<group>"; };
		732B2C9D23514A97000C0054 /* RawJishoResponse.swift */ = {isa = PBXFileReference; lastKnownFileType = sourcecode.swift; path = RawJishoResponse.swift; sourceTree = "<group>"; };
		732B2C9F23518F89000C0054 /* Entry.swift */ = {isa = PBXFileReference; lastKnownFileType = sourcecode.swift; name = Entry.swift; path = NotificationDemo/Types/Entry.swift; sourceTree = "<group>"; };
		734F5703235C49EE0082C715 /* 87x87.png */ = {isa = PBXFileReference; lastKnownFileType = image.png; path = 87x87.png; sourceTree = "<group>"; };
		734F5704235C49EE0082C715 /* 180x180.png */ = {isa = PBXFileReference; lastKnownFileType = image.png; path = 180x180.png; sourceTree = "<group>"; };
		734F5705235C49EE0082C715 /* 40x40.png */ = {isa = PBXFileReference; lastKnownFileType = image.png; path = 40x40.png; sourceTree = "<group>"; };
		734F5706235C49EE0082C715 /* 152x152.png */ = {isa = PBXFileReference; lastKnownFileType = image.png; path = 152x152.png; sourceTree = "<group>"; };
		734F5707235C49EE0082C715 /* 120x120.png */ = {isa = PBXFileReference; lastKnownFileType = image.png; path = 120x120.png; sourceTree = "<group>"; };
		734F5708235C49EE0082C715 /* 167x167.png */ = {isa = PBXFileReference; lastKnownFileType = image.png; path = 167x167.png; sourceTree = "<group>"; };
		734F5709235C49EE0082C715 /* 60x60.png */ = {isa = PBXFileReference; lastKnownFileType = image.png; path = 60x60.png; sourceTree = "<group>"; };
		734F570A235C49EE0082C715 /* 58x58.png */ = {isa = PBXFileReference; lastKnownFileType = image.png; path = 58x58.png; sourceTree = "<group>"; };
		734F570B235C49EE0082C715 /* 76x76.png */ = {isa = PBXFileReference; lastKnownFileType = image.png; path = 76x76.png; sourceTree = "<group>"; };
		734F570C235C49EE0082C715 /* 80x80.png */ = {isa = PBXFileReference; lastKnownFileType = image.png; path = 80x80.png; sourceTree = "<group>"; };
		734F5717235C4B3F0082C715 /* 20x20.png */ = {isa = PBXFileReference; lastKnownFileType = image.png; path = 20x20.png; sourceTree = "<group>"; };
		734F5718235C4B3F0082C715 /* 29x29.png */ = {isa = PBXFileReference; lastKnownFileType = image.png; path = 29x29.png; sourceTree = "<group>"; };
		734F571B235C4CDA0082C715 /* 1024x1024.png */ = {isa = PBXFileReference; lastKnownFileType = image.png; path = 1024x1024.png; sourceTree = "<group>"; };
		73BC91872355EF3700D300C9 /* NSManagedObjectContext.swift */ = {isa = PBXFileReference; lastKnownFileType = sourcecode.swift; path = NSManagedObjectContext.swift; sourceTree = "<group>"; };
		73EC397423572A90002CA378 /* NotificationData.xcdatamodel */ = {isa = PBXFileReference; lastKnownFileType = wrapper.xcdatamodel; path = NotificationData.xcdatamodel; sourceTree = "<group>"; };
/* End PBXFileReference section */

/* Begin PBXFrameworksBuildPhase section */
		732B2C75234B6579000C0054 /* Frameworks */ = {
			isa = PBXFrameworksBuildPhase;
			buildActionMask = 2147483647;
			files = (
			);
			runOnlyForDeploymentPostprocessing = 0;
		};
/* End PBXFrameworksBuildPhase section */

/* Begin PBXGroup section */
		732B2C6F234B6579000C0054 = {
			isa = PBXGroup;
			children = (
				73EC397323572A90002CA378 /* NotificationDemo.xcdatamodeld */,
				732B2C9F23518F89000C0054 /* Entry.swift */,
				732B2C92234B68D1000C0054 /* LocalNotificationManager.swift */,
				732B2C7A234B6579000C0054 /* NotificationDemo */,
				732B2C79234B6579000C0054 /* Products */,
			);
			sourceTree = "<group>";
		};
		732B2C79234B6579000C0054 /* Products */ = {
			isa = PBXGroup;
			children = (
				732B2C78234B6579000C0054 /* Shirabe.app */,
			);
			name = Products;
			sourceTree = "<group>";
		};
		732B2C7A234B6579000C0054 /* NotificationDemo */ = {
			isa = PBXGroup;
			children = (
				734F5702235C49EE0082C715 /* Icons */,
				73499A9B2355F51D0069B451 /* ViewModels */,
				73BC91862355EF2300D300C9 /* Extensions */,
				732B2CA223519041000C0054 /* Widgets */,
				732B2CA123518FD0000C0054 /* Views */,
				732B2C9C23514A6C000C0054 /* Types */,
				732B2C7B234B6579000C0054 /* AppDelegate.swift */,
				732B2C7D234B6579000C0054 /* SceneDelegate.swift */,
				732B2C84234B657C000C0054 /* Assets.xcassets */,
				732B2C89234B657C000C0054 /* LaunchScreen.storyboard */,
				732B2C8C234B657C000C0054 /* Info.plist */,
				732B2C86234B657C000C0054 /* Preview Content */,
				732B2C9823509A50000C0054 /* jisho_response.json */,
			);
			path = NotificationDemo;
			sourceTree = "<group>";
		};
		732B2C86234B657C000C0054 /* Preview Content */ = {
			isa = PBXGroup;
			children = (
				732B2C87234B657C000C0054 /* Preview Assets.xcassets */,
			);
			path = "Preview Content";
			sourceTree = "<group>";
		};
		732B2C9C23514A6C000C0054 /* Types */ = {
			isa = PBXGroup;
			children = (
				732B2C9D23514A97000C0054 /* RawJishoResponse.swift */,
			);
			path = Types;
			sourceTree = "<group>";
		};
		732B2CA123518FD0000C0054 /* Views */ = {
			isa = PBXGroup;
			children = (
				732B2C9A23509C3B000C0054 /* DefinitionList.swift */,
				732B2C82234B6579000C0054 /* ContentView.swift */,
			);
			path = Views;
			sourceTree = "<group>";
		};
		732B2CA223519041000C0054 /* Widgets */ = {
			isa = PBXGroup;
			children = (
				732B2C9423507067000C0054 /* SearchBar.swift */,
				732B2C96235073E8000C0054 /* SearchBarCancel.swift */,
			);
			path = Widgets;
			sourceTree = "<group>";
		};
		73499A9B2355F51D0069B451 /* ViewModels */ = {
			isa = PBXGroup;
			children = (
			);
			path = ViewModels;
			sourceTree = "<group>";
		};
		734F5702235C49EE0082C715 /* Icons */ = {
			isa = PBXGroup;
			children = (
				734F571B235C4CDA0082C715 /* 1024x1024.png */,
				734F5717235C4B3F0082C715 /* 20x20.png */,
				734F5718235C4B3F0082C715 /* 29x29.png */,
				734F5703235C49EE0082C715 /* 87x87.png */,
				734F5704235C49EE0082C715 /* 180x180.png */,
				734F5705235C49EE0082C715 /* 40x40.png */,
				734F5706235C49EE0082C715 /* 152x152.png */,
				734F5707235C49EE0082C715 /* 120x120.png */,
				734F5708235C49EE0082C715 /* 167x167.png */,
				734F5709235C49EE0082C715 /* 60x60.png */,
				734F570A235C49EE0082C715 /* 58x58.png */,
				734F570B235C49EE0082C715 /* 76x76.png */,
				734F570C235C49EE0082C715 /* 80x80.png */,
			);
			name = Icons;
			path = NotificationDemo/MiscAssets/Icons;
			sourceTree = SOURCE_ROOT;
		};
		73BC91862355EF2300D300C9 /* Extensions */ = {
			isa = PBXGroup;
			children = (
				73BC91872355EF3700D300C9 /* NSManagedObjectContext.swift */,
			);
			path = Extensions;
			sourceTree = "<group>";
		};
/* End PBXGroup section */

/* Begin PBXNativeTarget section */
		732B2C77234B6579000C0054 /* Shirabe */ = {
			isa = PBXNativeTarget;
			buildConfigurationList = 732B2C8F234B657C000C0054 /* Build configuration list for PBXNativeTarget "Shirabe" */;
			buildPhases = (
				732B2C74234B6579000C0054 /* Sources */,
				732B2C75234B6579000C0054 /* Frameworks */,
				732B2C76234B6579000C0054 /* Resources */,
			);
			buildRules = (
			);
			dependencies = (
			);
			name = Shirabe;
			productName = NotificationDemo;
			productReference = 732B2C78234B6579000C0054 /* Shirabe.app */;
			productType = "com.apple.product-type.application";
		};
/* End PBXNativeTarget section */

/* Begin PBXProject section */
		732B2C70234B6579000C0054 /* Project object */ = {
			isa = PBXProject;
			attributes = {
				LastSwiftUpdateCheck = 1100;
				LastUpgradeCheck = 1100;
				ORGANIZATIONNAME = "Lachlan Miller";
				TargetAttributes = {
					732B2C77234B6579000C0054 = {
						CreatedOnToolsVersion = 11.0;
					};
				};
			};
			buildConfigurationList = 732B2C73234B6579000C0054 /* Build configuration list for PBXProject "Shirabe" */;
			compatibilityVersion = "Xcode 9.3";
			developmentRegion = en;
			hasScannedForEncodings = 0;
			knownRegions = (
				en,
				Base,
			);
			mainGroup = 732B2C6F234B6579000C0054;
			productRefGroup = 732B2C79234B6579000C0054 /* Products */;
			projectDirPath = "";
			projectRoot = "";
			targets = (
				732B2C77234B6579000C0054 /* Shirabe */,
			);
		};
/* End PBXProject section */

/* Begin PBXResourcesBuildPhase section */
		732B2C76234B6579000C0054 /* Resources */ = {
			isa = PBXResourcesBuildPhase;
			buildActionMask = 2147483647;
			files = (
				732B2C8B234B657C000C0054 /* LaunchScreen.storyboard in Resources */,
				734F5713235C49EE0082C715 /* 60x60.png in Resources */,
				734F571C235C4CDA0082C715 /* 1024x1024.png in Resources */,
				734F5716235C49EE0082C715 /* 80x80.png in Resources */,
				734F5711235C49EE0082C715 /* 120x120.png in Resources */,
				734F5715235C49EE0082C715 /* 76x76.png in Resources */,
				734F5712235C49EE0082C715 /* 167x167.png in Resources */,
				732B2C88234B657C000C0054 /* Preview Assets.xcassets in Resources */,
				734F5719235C4B400082C715 /* 20x20.png in Resources */,
				732B2C9923509A50000C0054 /* jisho_response.json in Resources */,
				732B2C85234B657C000C0054 /* Assets.xcassets in Resources */,
				734F571A235C4B400082C715 /* 29x29.png in Resources */,
				734F570E235C49EE0082C715 /* 180x180.png in Resources */,
				734F570F235C49EE0082C715 /* 40x40.png in Resources */,
				734F5710235C49EE0082C715 /* 152x152.png in Resources */,
				734F5714235C49EE0082C715 /* 58x58.png in Resources */,
				734F570D235C49EE0082C715 /* 87x87.png in Resources */,
			);
			runOnlyForDeploymentPostprocessing = 0;
		};
/* End PBXResourcesBuildPhase section */

/* Begin PBXSourcesBuildPhase section */
		732B2C74234B6579000C0054 /* Sources */ = {
			isa = PBXSourcesBuildPhase;
			buildActionMask = 2147483647;
			files = (
				732B2CA023518F89000C0054 /* Entry.swift in Sources */,
				732B2C97235073E8000C0054 /* SearchBarCancel.swift in Sources */,
				732B2C7C234B6579000C0054 /* AppDelegate.swift in Sources */,
				732B2C93234B68D1000C0054 /* LocalNotificationManager.swift in Sources */,
				732B2C9E23514A97000C0054 /* RawJishoResponse.swift in Sources */,
				732B2C83234B6579000C0054 /* ContentView.swift in Sources */,
				73EC397523572A90002CA378 /* NotificationDemo.xcdatamodeld in Sources */,
				73BC91882355EF3700D300C9 /* NSManagedObjectContext.swift in Sources */,
				732B2C7E234B6579000C0054 /* SceneDelegate.swift in Sources */,
				732B2C9523507067000C0054 /* SearchBar.swift in Sources */,
				732B2C9B23509C3B000C0054 /* DefinitionList.swift in Sources */,
			);
			runOnlyForDeploymentPostprocessing = 0;
		};
/* End PBXSourcesBuildPhase section */

/* Begin PBXVariantGroup section */
		732B2C89234B657C000C0054 /* LaunchScreen.storyboard */ = {
			isa = PBXVariantGroup;
			children = (
				732B2C8A234B657C000C0054 /* Base */,
			);
			name = LaunchScreen.storyboard;
			sourceTree = "<group>";
		};
/* End PBXVariantGroup section */

/* Begin XCBuildConfiguration section */
		732B2C8D234B657C000C0054 /* Debug */ = {
			isa = XCBuildConfiguration;
			buildSettings = {
				ALWAYS_SEARCH_USER_PATHS = NO;
				CLANG_ANALYZER_NONNULL = YES;
				CLANG_ANALYZER_NUMBER_OBJECT_CONVERSION = YES_AGGRESSIVE;
				CLANG_CXX_LANGUAGE_STANDARD = "gnu++14";
				CLANG_CXX_LIBRARY = "libc++";
				CLANG_ENABLE_MODULES = YES;
				CLANG_ENABLE_OBJC_ARC = YES;
				CLANG_ENABLE_OBJC_WEAK = YES;
				CLANG_WARN_BLOCK_CAPTURE_AUTORELEASING = YES;
				CLANG_WARN_BOOL_CONVERSION = YES;
				CLANG_WARN_COMMA = YES;
				CLANG_WARN_CONSTANT_CONVERSION = YES;
				CLANG_WARN_DEPRECATED_OBJC_IMPLEMENTATIONS = YES;
				CLANG_WARN_DIRECT_OBJC_ISA_USAGE = YES_ERROR;
				CLANG_WARN_DOCUMENTATION_COMMENTS = YES;
				CLANG_WARN_EMPTY_BODY = YES;
				CLANG_WARN_ENUM_CONVERSION = YES;
				CLANG_WARN_INFINITE_RECURSION = YES;
				CLANG_WARN_INT_CONVERSION = YES;
				CLANG_WARN_NON_LITERAL_NULL_CONVERSION = YES;
				CLANG_WARN_OBJC_IMPLICIT_RETAIN_SELF = YES;
				CLANG_WARN_OBJC_LITERAL_CONVERSION = YES;
				CLANG_WARN_OBJC_ROOT_CLASS = YES_ERROR;
				CLANG_WARN_RANGE_LOOP_ANALYSIS = YES;
				CLANG_WARN_STRICT_PROTOTYPES = YES;
				CLANG_WARN_SUSPICIOUS_MOVE = YES;
				CLANG_WARN_UNGUARDED_AVAILABILITY = YES_AGGRESSIVE;
				CLANG_WARN_UNREACHABLE_CODE = YES;
				CLANG_WARN__DUPLICATE_METHOD_MATCH = YES;
				COPY_PHASE_STRIP = NO;
				DEBUG_INFORMATION_FORMAT = dwarf;
				ENABLE_STRICT_OBJC_MSGSEND = YES;
				ENABLE_TESTABILITY = YES;
				GCC_C_LANGUAGE_STANDARD = gnu11;
				GCC_DYNAMIC_NO_PIC = NO;
				GCC_NO_COMMON_BLOCKS = YES;
				GCC_OPTIMIZATION_LEVEL = 0;
				GCC_PREPROCESSOR_DEFINITIONS = (
					"DEBUG=1",
					"$(inherited)",
				);
				GCC_WARN_64_TO_32_BIT_CONVERSION = YES;
				GCC_WARN_ABOUT_RETURN_TYPE = YES_ERROR;
				GCC_WARN_UNDECLARED_SELECTOR = YES;
				GCC_WARN_UNINITIALIZED_AUTOS = YES_AGGRESSIVE;
				GCC_WARN_UNUSED_FUNCTION = YES;
				GCC_WARN_UNUSED_VARIABLE = YES;
				IPHONEOS_DEPLOYMENT_TARGET = 13.0;
				MTL_ENABLE_DEBUG_INFO = INCLUDE_SOURCE;
				MTL_FAST_MATH = YES;
				ONLY_ACTIVE_ARCH = YES;
				SDKROOT = iphoneos;
				SWIFT_ACTIVE_COMPILATION_CONDITIONS = DEBUG;
				SWIFT_OPTIMIZATION_LEVEL = "-Onone";
			};
			name = Debug;
		};
		732B2C8E234B657C000C0054 /* Release */ = {
			isa = XCBuildConfiguration;
			buildSettings = {
				ALWAYS_SEARCH_USER_PATHS = NO;
				CLANG_ANALYZER_NONNULL = YES;
				CLANG_ANALYZER_NUMBER_OBJECT_CONVERSION = YES_AGGRESSIVE;
				CLANG_CXX_LANGUAGE_STANDARD = "gnu++14";
				CLANG_CXX_LIBRARY = "libc++";
				CLANG_ENABLE_MODULES = YES;
				CLANG_ENABLE_OBJC_ARC = YES;
				CLANG_ENABLE_OBJC_WEAK = YES;
				CLANG_WARN_BLOCK_CAPTURE_AUTORELEASING = YES;
				CLANG_WARN_BOOL_CONVERSION = YES;
				CLANG_WARN_COMMA = YES;
				CLANG_WARN_CONSTANT_CONVERSION = YES;
				CLANG_WARN_DEPRECATED_OBJC_IMPLEMENTATIONS = YES;
				CLANG_WARN_DIRECT_OBJC_ISA_USAGE = YES_ERROR;
				CLANG_WARN_DOCUMENTATION_COMMENTS = YES;
				CLANG_WARN_EMPTY_BODY = YES;
				CLANG_WARN_ENUM_CONVERSION = YES;
				CLANG_WARN_INFINITE_RECURSION = YES;
				CLANG_WARN_INT_CONVERSION = YES;
				CLANG_WARN_NON_LITERAL_NULL_CONVERSION = YES;
				CLANG_WARN_OBJC_IMPLICIT_RETAIN_SELF = YES;
				CLANG_WARN_OBJC_LITERAL_CONVERSION = YES;
				CLANG_WARN_OBJC_ROOT_CLASS = YES_ERROR;
				CLANG_WARN_RANGE_LOOP_ANALYSIS = YES;
				CLANG_WARN_STRICT_PROTOTYPES = YES;
				CLANG_WARN_SUSPICIOUS_MOVE = YES;
				CLANG_WARN_UNGUARDED_AVAILABILITY = YES_AGGRESSIVE;
				CLANG_WARN_UNREACHABLE_CODE = YES;
				CLANG_WARN__DUPLICATE_METHOD_MATCH = YES;
				COPY_PHASE_STRIP = NO;
				DEBUG_INFORMATION_FORMAT = "dwarf-with-dsym";
				ENABLE_NS_ASSERTIONS = NO;
				ENABLE_STRICT_OBJC_MSGSEND = YES;
				GCC_C_LANGUAGE_STANDARD = gnu11;
				GCC_NO_COMMON_BLOCKS = YES;
				GCC_WARN_64_TO_32_BIT_CONVERSION = YES;
				GCC_WARN_ABOUT_RETURN_TYPE = YES_ERROR;
				GCC_WARN_UNDECLARED_SELECTOR = YES;
				GCC_WARN_UNINITIALIZED_AUTOS = YES_AGGRESSIVE;
				GCC_WARN_UNUSED_FUNCTION = YES;
				GCC_WARN_UNUSED_VARIABLE = YES;
				IPHONEOS_DEPLOYMENT_TARGET = 13.0;
				MTL_ENABLE_DEBUG_INFO = NO;
				MTL_FAST_MATH = YES;
				SDKROOT = iphoneos;
				SWIFT_COMPILATION_MODE = wholemodule;
				SWIFT_OPTIMIZATION_LEVEL = "-O";
				VALIDATE_PRODUCT = YES;
			};
			name = Release;
		};
		732B2C90234B657C000C0054 /* Debug */ = {
			isa = XCBuildConfiguration;
			buildSettings = {
				ASSETCATALOG_COMPILER_APPICON_NAME = AppIcon;
				CODE_SIGN_STYLE = Automatic;
				DEVELOPMENT_ASSET_PATHS = "\"NotificationDemo/Preview Content\"";
				DEVELOPMENT_TEAM = KMK5HDNTB6;
				ENABLE_PREVIEWS = YES;
				INFOPLIST_FILE = NotificationDemo/Info.plist;
				LD_RUNPATH_SEARCH_PATHS = (
					"$(inherited)",
					"@executable_path/Frameworks",
				);
				MARKETING_VERSION = 0.1;
				PRODUCT_BUNDLE_IDENTIFIER = app.shirabe;
				PRODUCT_NAME = Shirabe;
				SWIFT_VERSION = 5.0;
				TARGETED_DEVICE_FAMILY = "1,2";
			};
			name = Debug;
		};
		732B2C91234B657C000C0054 /* Release */ = {
			isa = XCBuildConfiguration;
			buildSettings = {
				ASSETCATALOG_COMPILER_APPICON_NAME = AppIcon;
				CODE_SIGN_STYLE = Automatic;
				DEVELOPMENT_ASSET_PATHS = "\"NotificationDemo/Preview Content\"";
				DEVELOPMENT_TEAM = KMK5HDNTB6;
				ENABLE_PREVIEWS = YES;
				INFOPLIST_FILE = NotificationDemo/Info.plist;
				LD_RUNPATH_SEARCH_PATHS = (
					"$(inherited)",
					"@executable_path/Frameworks",
				);
				MARKETING_VERSION = 0.1;
				PRODUCT_BUNDLE_IDENTIFIER = app.shirabe;
				PRODUCT_NAME = Shirabe;
				SWIFT_VERSION = 5.0;
				TARGETED_DEVICE_FAMILY = "1,2";
			};
			name = Release;
		};
/* End XCBuildConfiguration section */

/* Begin XCConfigurationList section */
		732B2C73234B6579000C0054 /* Build configuration list for PBXProject "Shirabe" */ = {
			isa = XCConfigurationList;
			buildConfigurations = (
				732B2C8D234B657C000C0054 /* Debug */,
				732B2C8E234B657C000C0054 /* Release */,
			);
			defaultConfigurationIsVisible = 0;
			defaultConfigurationName = Release;
		};
		732B2C8F234B657C000C0054 /* Build configuration list for PBXNativeTarget "Shirabe" */ = {
			isa = XCConfigurationList;
			buildConfigurations = (
				732B2C90234B657C000C0054 /* Debug */,
				732B2C91234B657C000C0054 /* Release */,
			);
			defaultConfigurationIsVisible = 0;
			defaultConfigurationName = Release;
		};
/* End XCConfigurationList section */

/* Begin XCVersionGroup section */
		73EC397323572A90002CA378 /* NotificationDemo.xcdatamodeld */ = {
			isa = XCVersionGroup;
			children = (
				73EC397423572A90002CA378 /* NotificationData.xcdatamodel */,
			);
			currentVersion = 73EC397423572A90002CA378 /* NotificationData.xcdatamodel */;
			path = NotificationDemo.xcdatamodeld;
			sourceTree = "<group>";
			versionGroupType = wrapper.xcdatamodel;
		};
/* End XCVersionGroup section */
	};
	rootObject = 732B2C70234B6579000C0054 /* Project object */;
}
